
Microsoft Visual Studio Solution File, Format Version 12.00
# Visual Studio Version 17
VisualStudioVersion = 17.9.34622.214
MinimumVisualStudioVersion = 10.0.40219.1
Project("{888888A0-9F3D-457C-B088-3A5042F75D52}") = "shesh_besh", "shesh_besh\shesh_besh.pyproj", "{7D842327-B595-4380-97A4-F18326FB8B8B}"
EndProject
Global
	GlobalSection(SolutionConfigurationPlatforms) = preSolution
		Debug|Any CPU = Debug|Any CPU
		Release|Any CPU = Release|Any CPU
	EndGlobalSection
	GlobalSection(ProjectConfigurationPlatforms) = postSolution
		{7D842327-B595-4380-97A4-F18326FB8B8B}.Debug|Any CPU.ActiveCfg = Debug|Any CPU
		{7D842327-B595-4380-97A4-F18326FB8B8B}.Release|Any CPU.ActiveCfg = Release|Any CPU
	EndGlobalSection
	GlobalSection(SolutionProperties) = preSolution
		HideSolutionNode = FALSE
	EndGlobalSection
	GlobalSection(ExtensibilityGlobals) = postSolution
		SolutionGuid = {F41E8562-753D-4751-968B-F664F4B2161E}
	EndGlobalSection
EndGlobal
