
Microsoft Visual Studio Solution File, Format Version 12.00
# Visual Studio Version 17
VisualStudioVersion = 17.9.34622.214
MinimumVisualStudioVersion = 10.0.40219.1
Project("{888888A0-9F3D-457C-B088-3A5042F75D52}") = "HangMen", "HangMen\HangMen.pyproj", "{AD3189C4-8E6E-4A63-A1CF-B3388BEB0A32}"
EndProject
Global
	GlobalSection(SolutionConfigurationPlatforms) = preSolution
		Debug|Any CPU = Debug|Any CPU
		Release|Any CPU = Release|Any CPU
	EndGlobalSection
	GlobalSection(ProjectConfigurationPlatforms) = postSolution
		{AD3189C4-8E6E-4A63-A1CF-B3388BEB0A32}.Debug|Any CPU.ActiveCfg = Debug|Any CPU
		{AD3189C4-8E6E-4A63-A1CF-B3388BEB0A32}.Release|Any CPU.ActiveCfg = Release|Any CPU
	EndGlobalSection
	GlobalSection(SolutionProperties) = preSolution
		HideSolutionNode = FALSE
	EndGlobalSection
	GlobalSection(ExtensibilityGlobals) = postSolution
		SolutionGuid = {BBBF162E-AA8B-4193-A735-6FA057CDE054}
	EndGlobalSection
EndGlobal
